
Microsoft Visual Studio Solution File, Format Version 11.00
# Visual Studio 2010
Project("{F184B08F-C81C-45F6-A57F-5ABD9991F28F}") = "Aplikasi Perpustakaan SMK ANGKASA 2 MARGAHAYU", "Aplikasi Perpustakaan SMK ANGKASA 2 MARGAHAYU\Aplikasi Perpustakaan SMK ANGKASA 2 MARGAHAYU.vbproj", "{476C5580-4450-4200-ADD4-C315ADE765F5}"
EndProject
Global
	GlobalSection(SolutionConfigurationPlatforms) = preSolution
		Debug|x86 = Debug|x86
		Release|x86 = Release|x86
	EndGlobalSection
	GlobalSection(ProjectConfigurationPlatforms) = postSolution
		{476C5580-4450-4200-ADD4-C315ADE765F5}.Debug|x86.ActiveCfg = Debug|x86
		{476C5580-4450-4200-ADD4-C315ADE765F5}.Debug|x86.Build.0 = Debug|x86
		{476C5580-4450-4200-ADD4-C315ADE765F5}.Release|x86.ActiveCfg = Release|x86
		{476C5580-4450-4200-ADD4-C315ADE765F5}.Release|x86.Build.0 = Release|x86
	EndGlobalSection
	GlobalSection(SolutionProperties) = preSolution
		HideSolutionNode = FALSE
	EndGlobalSection
EndGlobal
